// !$*UTF8*$!
{
	archiveVersion = 1;
	classes = {
	};
	objectVersion = 48;
	objects = {

/* Begin PBXBuildFile section */
		227517F1205B672300AF9FA7 /* Main.storyboard in Resources */ = {isa = PBXBuildFile; fileRef = 227517EF205B672300AF9FA7 /* Main.storyboard */; };
		227517F3205B672300AF9FA7 /* Assets.xcassets in Resources */ = {isa = PBXBuildFile; fileRef = 227517F2205B672300AF9FA7 /* Assets.xcassets */; };
		227517F6205B672300AF9FA7 /* LaunchScreen.storyboard in Resources */ = {isa = PBXBuildFile; fileRef = 227517F4205B672300AF9FA7 /* LaunchScreen.storyboard */; };
		22809F7B205FA899007A2377 /* ContentViewController.swift in Sources */ = {isa = PBXBuildFile; fileRef = 22809F6D205FA899007A2377 /* ContentViewController.swift */; };
		22809F7C205FA899007A2377 /* ViewController.swift in Sources */ = {isa = PBXBuildFile; fileRef = 22809F6E205FA899007A2377 /* ViewController.swift */; };
		22809F7D205FA899007A2377 /* ZReaderView.swift in Sources */ = {isa = PBXBuildFile; fileRef = 22809F70205FA899007A2377 /* ZReaderView.swift */; };
		22809F7E205FA899007A2377 /* ZReaderUtilites.swift in Sources */ = {isa = PBXBuildFile; fileRef = 22809F72205FA899007A2377 /* ZReaderUtilites.swift */; };
		22809F7F205FA899007A2377 /* AppDelegate.swift in Sources */ = {isa = PBXBuildFile; fileRef = 22809F74205FA899007A2377 /* AppDelegate.swift */; };
		22809F80205FA899007A2377 /* ZReaderModel.swift in Sources */ = {isa = PBXBuildFile; fileRef = 22809F76205FA899007A2377 /* ZReaderModel.swift */; };
		22809F81205FA899007A2377 /* ZChapterModel.swift in Sources */ = {isa = PBXBuildFile; fileRef = 22809F77205FA899007A2377 /* ZChapterModel.swift */; };
		22809F82205FA899007A2377 /* ZReaderConfig.swift in Sources */ = {isa = PBXBuildFile; fileRef = 22809F78205FA899007A2377 /* ZReaderConfig.swift */; };
		22809F83205FA899007A2377 /* mdjyml.txt in Resources */ = {isa = PBXBuildFile; fileRef = 22809F7A205FA899007A2377 /* mdjyml.txt */; };
		2286BB1E20689579005357CF /* ZMagnifyingView.swift in Sources */ = {isa = PBXBuildFile; fileRef = 2286BB1D20689579005357CF /* ZMagnifyingView.swift */; };
		22FF6E912068E88800F62B89 /* ZPrsentViewController.swift in Sources */ = {isa = PBXBuildFile; fileRef = 22FF6E902068E88800F62B89 /* ZPrsentViewController.swift */; };
/* End PBXBuildFile section */

/* Begin PBXFileReference section */
		227517E8205B672300AF9FA7 /* ZJZReader.app */ = {isa = PBXFileReference; explicitFileType = wrapper.application; includeInIndex = 0; path = ZJZReader.app; sourceTree = BUILT_PRODUCTS_DIR; };
		227517F0205B672300AF9FA7 /* Base */ = {isa = PBXFileReference; lastKnownFileType = file.storyboard; name = Base; path = Base.lproj/Main.storyboard; sourceTree = "<group>"; };
		227517F2205B672300AF9FA7 /* Assets.xcassets */ = {isa = PBXFileReference; lastKnownFileType = folder.assetcatalog; path = Assets.xcassets; sourceTree = "<group>"; };
		227517F5205B672300AF9FA7 /* Base */ = {isa = PBXFileReference; lastKnownFileType = file.storyboard; name = Base; path = Base.lproj/LaunchScreen.storyboard; sourceTree = "<group>"; };
		227517F7205B672300AF9FA7 /* Info.plist */ = {isa = PBXFileReference; lastKnownFileType = text.plist.xml; path = Info.plist; sourceTree = "<group>"; };
		22809F6D205FA899007A2377 /* ContentViewController.swift */ = {isa = PBXFileReference; fileEncoding = 4; lastKnownFileType = sourcecode.swift; path = ContentViewController.swift; sourceTree = "<group>"; };
		22809F6E205FA899007A2377 /* ViewController.swift */ = {isa = PBXFileReference; fileEncoding = 4; lastKnownFileType = sourcecode.swift; path = ViewController.swift; sourceTree = "<group>"; };
		22809F70205FA899007A2377 /* ZReaderView.swift */ = {isa = PBXFileReference; fileEncoding = 4; lastKnownFileType = sourcecode.swift; path = ZReaderView.swift; sourceTree = "<group>"; };
		22809F72205FA899007A2377 /* ZReaderUtilites.swift */ = {isa = PBXFileReference; fileEncoding = 4; lastKnownFileType = sourcecode.swift; path = ZReaderUtilites.swift; sourceTree = "<group>"; };
		22809F74205FA899007A2377 /* AppDelegate.swift */ = {isa = PBXFileReference; fileEncoding = 4; lastKnownFileType = sourcecode.swift; path = AppDelegate.swift; sourceTree = "<group>"; };
		22809F76205FA899007A2377 /* ZReaderModel.swift */ = {isa = PBXFileReference; fileEncoding = 4; lastKnownFileType = sourcecode.swift; path = ZReaderModel.swift; sourceTree = "<group>"; };
		22809F77205FA899007A2377 /* ZChapterModel.swift */ = {isa = PBXFileReference; fileEncoding = 4; lastKnownFileType = sourcecode.swift; path = ZChapterModel.swift; sourceTree = "<group>"; };
		22809F78205FA899007A2377 /* ZReaderConfig.swift */ = {isa = PBXFileReference; fileEncoding = 4; lastKnownFileType = sourcecode.swift; path = ZReaderConfig.swift; sourceTree = "<group>"; };
		22809F7A205FA899007A2377 /* mdjyml.txt */ = {isa = PBXFileReference; fileEncoding = 4; lastKnownFileType = text; path = mdjyml.txt; sourceTree = "<group>"; };
		2286BB1D20689579005357CF /* ZMagnifyingView.swift */ = {isa = PBXFileReference; lastKnownFileType = sourcecode.swift; path = ZMagnifyingView.swift; sourceTree = "<group>"; };
		22FF6E902068E88800F62B89 /* ZPrsentViewController.swift */ = {isa = PBXFileReference; lastKnownFileType = sourcecode.swift; path = ZPrsentViewController.swift; sourceTree = "<group>"; };
/* End PBXFileReference section */

/* Begin PBXFrameworksBuildPhase section */
		227517E5205B672300AF9FA7 /* Frameworks */ = {
			isa = PBXFrameworksBuildPhase;
			buildActionMask = 2147483647;
			files = (
			);
			runOnlyForDeploymentPostprocessing = 0;
		};
/* End PBXFrameworksBuildPhase section */

/* Begin PBXGroup section */
		227517DF205B672300AF9FA7 = {
			isa = PBXGroup;
			children = (
				227517EA205B672300AF9FA7 /* ZJZReader */,
				227517E9205B672300AF9FA7 /* Products */,
			);
			sourceTree = "<group>";
		};
		227517E9205B672300AF9FA7 /* Products */ = {
			isa = PBXGroup;
			children = (
				227517E8205B672300AF9FA7 /* ZJZReader.app */,
			);
			name = Products;
			sourceTree = "<group>";
		};
		227517EA205B672300AF9FA7 /* ZJZReader */ = {
			isa = PBXGroup;
			children = (
				22809F73205FA899007A2377 /* Appdelegate */,
				22809F6C205FA899007A2377 /* Controller */,
				22809F75205FA899007A2377 /* Model */,
				22809F79205FA899007A2377 /* Resource */,
				22809F71205FA899007A2377 /* Utilities */,
				22809F6F205FA899007A2377 /* View */,
				227517EF205B672300AF9FA7 /* Main.storyboard */,
				227517F2205B672300AF9FA7 /* Assets.xcassets */,
				227517F4205B672300AF9FA7 /* LaunchScreen.storyboard */,
				227517F7205B672300AF9FA7 /* Info.plist */,
			);
			path = ZJZReader;
			sourceTree = "<group>";
		};
		22809F6C205FA899007A2377 /* Controller */ = {
			isa = PBXGroup;
			children = (
				22809F6D205FA899007A2377 /* ContentViewController.swift */,
				22809F6E205FA899007A2377 /* ViewController.swift */,
				22FF6E902068E88800F62B89 /* ZPrsentViewController.swift */,
			);
			path = Controller;
			sourceTree = "<group>";
		};
		22809F6F205FA899007A2377 /* View */ = {
			isa = PBXGroup;
			children = (
				22809F70205FA899007A2377 /* ZReaderView.swift */,
				2286BB1D20689579005357CF /* ZMagnifyingView.swift */,
			);
			path = View;
			sourceTree = "<group>";
		};
		22809F71205FA899007A2377 /* Utilities */ = {
			isa = PBXGroup;
			children = (
				22809F72205FA899007A2377 /* ZReaderUtilites.swift */,
			);
			path = Utilities;
			sourceTree = "<group>";
		};
		22809F73205FA899007A2377 /* Appdelegate */ = {
			isa = PBXGroup;
			children = (
				22809F74205FA899007A2377 /* AppDelegate.swift */,
			);
			path = Appdelegate;
			sourceTree = "<group>";
		};
		22809F75205FA899007A2377 /* Model */ = {
			isa = PBXGroup;
			children = (
				22809F76205FA899007A2377 /* ZReaderModel.swift */,
				22809F77205FA899007A2377 /* ZChapterModel.swift */,
				22809F78205FA899007A2377 /* ZReaderConfig.swift */,
			);
			path = Model;
			sourceTree = "<group>";
		};
		22809F79205FA899007A2377 /* Resource */ = {
			isa = PBXGroup;
			children = (
				22809F7A205FA899007A2377 /* mdjyml.txt */,
			);
			path = Resource;
			sourceTree = "<group>";
		};
/* End PBXGroup section */

/* Begin PBXNativeTarget section */
		227517E7205B672300AF9FA7 /* ZJZReader */ = {
			isa = PBXNativeTarget;
			buildConfigurationList = 227517FA205B672300AF9FA7 /* Build configuration list for PBXNativeTarget "ZJZReader" */;
			buildPhases = (
				227517E4205B672300AF9FA7 /* Sources */,
				227517E5205B672300AF9FA7 /* Frameworks */,
				227517E6205B672300AF9FA7 /* Resources */,
			);
			buildRules = (
			);
			dependencies = (
			);
			name = ZJZReader;
			productName = ZJZReader;
			productReference = 227517E8205B672300AF9FA7 /* ZJZReader.app */;
			productType = "com.apple.product-type.application";
		};
/* End PBXNativeTarget section */

/* Begin PBXProject section */
		227517E0205B672300AF9FA7 /* Project object */ = {
			isa = PBXProject;
			attributes = {
				LastSwiftUpdateCheck = 0920;
				LastUpgradeCheck = 0920;
				ORGANIZATIONNAME = ZJZ;
				TargetAttributes = {
					227517E7205B672300AF9FA7 = {
						CreatedOnToolsVersion = 9.2;
						ProvisioningStyle = Automatic;
					};
				};
			};
			buildConfigurationList = 227517E3205B672300AF9FA7 /* Build configuration list for PBXProject "ZJZReader" */;
			compatibilityVersion = "Xcode 8.0";
			developmentRegion = en;
			hasScannedForEncodings = 0;
			knownRegions = (
				en,
				Base,
			);
			mainGroup = 227517DF205B672300AF9FA7;
			productRefGroup = 227517E9205B672300AF9FA7 /* Products */;
			projectDirPath = "";
			projectRoot = "";
			targets = (
				227517E7205B672300AF9FA7 /* ZJZReader */,
			);
		};
/* End PBXProject section */

/* Begin PBXResourcesBuildPhase section */
		227517E6205B672300AF9FA7 /* Resources */ = {
			isa = PBXResourcesBuildPhase;
			buildActionMask = 2147483647;
			files = (
				227517F6205B672300AF9FA7 /* LaunchScreen.storyboard in Resources */,
				22809F83205FA899007A2377 /* mdjyml.txt in Resources */,
				227517F3205B672300AF9FA7 /* Assets.xcassets in Resources */,
				227517F1205B672300AF9FA7 /* Main.storyboard in Resources */,
			);
			runOnlyForDeploymentPostprocessing = 0;
		};
/* End PBXResourcesBuildPhase section */

/* Begin PBXSourcesBuildPhase section */
		227517E4205B672300AF9FA7 /* Sources */ = {
			isa = PBXSourcesBuildPhase;
			buildActionMask = 2147483647;
			files = (
				22809F7E205FA899007A2377 /* ZReaderUtilites.swift in Sources */,
				22809F82205FA899007A2377 /* ZReaderConfig.swift in Sources */,
				22809F7C205FA899007A2377 /* ViewController.swift in Sources */,
				22FF6E912068E88800F62B89 /* ZPrsentViewController.swift in Sources */,
				22809F81205FA899007A2377 /* ZChapterModel.swift in Sources */,
				2286BB1E20689579005357CF /* ZMagnifyingView.swift in Sources */,
				22809F7D205FA899007A2377 /* ZReaderView.swift in Sources */,
				22809F7F205FA899007A2377 /* AppDelegate.swift in Sources */,
				22809F7B205FA899007A2377 /* ContentViewController.swift in Sources */,
				22809F80205FA899007A2377 /* ZReaderModel.swift in Sources */,
			);
			runOnlyForDeploymentPostprocessing = 0;
		};
/* End PBXSourcesBuildPhase section */

/* Begin PBXVariantGroup section */
		227517EF205B672300AF9FA7 /* Main.storyboard */ = {
			isa = PBXVariantGroup;
			children = (
				227517F0205B672300AF9FA7 /* Base */,
			);
			name = Main.storyboard;
			sourceTree = "<group>";
		};
		227517F4205B672300AF9FA7 /* LaunchScreen.storyboard */ = {
			isa = PBXVariantGroup;
			children = (
				227517F5205B672300AF9FA7 /* Base */,
			);
			name = LaunchScreen.storyboard;
			sourceTree = "<group>";
		};
/* End PBXVariantGroup section */

/* Begin XCBuildConfiguration section */
		227517F8205B672300AF9FA7 /* Debug */ = {
			isa = XCBuildConfiguration;
			buildSettings = {
				ALWAYS_SEARCH_USER_PATHS = NO;
				CLANG_ANALYZER_NONNULL = YES;
				CLANG_ANALYZER_NUMBER_OBJECT_CONVERSION = YES_AGGRESSIVE;
				CLANG_CXX_LANGUAGE_STANDARD = "gnu++14";
				CLANG_CXX_LIBRARY = "libc++";
				CLANG_ENABLE_MODULES = YES;
				CLANG_ENABLE_OBJC_ARC = YES;
				CLANG_WARN_BLOCK_CAPTURE_AUTORELEASING = YES;
				CLANG_WARN_BOOL_CONVERSION = YES;
				CLANG_WARN_COMMA = YES;
				CLANG_WARN_CONSTANT_CONVERSION = YES;
				CLANG_WARN_DIRECT_OBJC_ISA_USAGE = YES_ERROR;
				CLANG_WARN_DOCUMENTATION_COMMENTS = YES;
				CLANG_WARN_EMPTY_BODY = YES;
				CLANG_WARN_ENUM_CONVERSION = YES;
				CLANG_WARN_INFINITE_RECURSION = YES;
				CLANG_WARN_INT_CONVERSION = YES;
				CLANG_WARN_NON_LITERAL_NULL_CONVERSION = YES;
				CLANG_WARN_OBJC_LITERAL_CONVERSION = YES;
				CLANG_WARN_OBJC_ROOT_CLASS = YES_ERROR;
				CLANG_WARN_RANGE_LOOP_ANALYSIS = YES;
				CLANG_WARN_STRICT_PROTOTYPES = YES;
				CLANG_WARN_SUSPICIOUS_MOVE = YES;
				CLANG_WARN_UNGUARDED_AVAILABILITY = YES_AGGRESSIVE;
				CLANG_WARN_UNREACHABLE_CODE = YES;
				CLANG_WARN__DUPLICATE_METHOD_MATCH = YES;
				CODE_SIGN_IDENTITY = "iPhone Developer";
				COPY_PHASE_STRIP = NO;
				DEBUG_INFORMATION_FORMAT = dwarf;
				ENABLE_STRICT_OBJC_MSGSEND = YES;
				ENABLE_TESTABILITY = YES;
				GCC_C_LANGUAGE_STANDARD = gnu11;
				GCC_DYNAMIC_NO_PIC = NO;
				GCC_NO_COMMON_BLOCKS = YES;
				GCC_OPTIMIZATION_LEVEL = 0;
				GCC_PREPROCESSOR_DEFINITIONS = (
					"DEBUG=1",
					"$(inherited)",
				);
				GCC_WARN_64_TO_32_BIT_CONVERSION = YES;
				GCC_WARN_ABOUT_RETURN_TYPE = YES_ERROR;
				GCC_WARN_UNDECLARED_SELECTOR = YES;
				GCC_WARN_UNINITIALIZED_AUTOS = YES_AGGRESSIVE;
				GCC_WARN_UNUSED_FUNCTION = YES;
				GCC_WARN_UNUSED_VARIABLE = YES;
				IPHONEOS_DEPLOYMENT_TARGET = 11.2;
				MTL_ENABLE_DEBUG_INFO = YES;
				ONLY_ACTIVE_ARCH = YES;
				SDKROOT = iphoneos;
				SWIFT_ACTIVE_COMPILATION_CONDITIONS = DEBUG;
				SWIFT_OPTIMIZATION_LEVEL = "-Onone";
			};
			name = Debug;
		};
		227517F9205B672300AF9FA7 /* Release */ = {
			isa = XCBuildConfiguration;
			buildSettings = {
				ALWAYS_SEARCH_USER_PATHS = NO;
				CLANG_ANALYZER_NONNULL = YES;
				CLANG_ANALYZER_NUMBER_OBJECT_CONVERSION = YES_AGGRESSIVE;
				CLANG_CXX_LANGUAGE_STANDARD = "gnu++14";
				CLANG_CXX_LIBRARY = "libc++";
				CLANG_ENABLE_MODULES = YES;
				CLANG_ENABLE_OBJC_ARC = YES;
				CLANG_WARN_BLOCK_CAPTURE_AUTORELEASING = YES;
				CLANG_WARN_BOOL_CONVERSION = YES;
				CLANG_WARN_COMMA = YES;
				CLANG_WARN_CONSTANT_CONVERSION = YES;
				CLANG_WARN_DIRECT_OBJC_ISA_USAGE = YES_ERROR;
				CLANG_WARN_DOCUMENTATION_COMMENTS = YES;
				CLANG_WARN_EMPTY_BODY = YES;
				CLANG_WARN_ENUM_CONVERSION = YES;
				CLANG_WARN_INFINITE_RECURSION = YES;
				CLANG_WARN_INT_CONVERSION = YES;
				CLANG_WARN_NON_LITERAL_NULL_CONVERSION = YES;
				CLANG_WARN_OBJC_LITERAL_CONVERSION = YES;
				CLANG_WARN_OBJC_ROOT_CLASS = YES_ERROR;
				CLANG_WARN_RANGE_LOOP_ANALYSIS = YES;
				CLANG_WARN_STRICT_PROTOTYPES = YES;
				CLANG_WARN_SUSPICIOUS_MOVE = YES;
				CLANG_WARN_UNGUARDED_AVAILABILITY = YES_AGGRESSIVE;
				CLANG_WARN_UNREACHABLE_CODE = YES;
				CLANG_WARN__DUPLICATE_METHOD_MATCH = YES;
				CODE_SIGN_IDENTITY = "iPhone Developer";
				COPY_PHASE_STRIP = NO;
				DEBUG_INFORMATION_FORMAT = "dwarf-with-dsym";
				ENABLE_NS_ASSERTIONS = NO;
				ENABLE_STRICT_OBJC_MSGSEND = YES;
				GCC_C_LANGUAGE_STANDARD = gnu11;
				GCC_NO_COMMON_BLOCKS = YES;
				GCC_WARN_64_TO_32_BIT_CONVERSION = YES;
				GCC_WARN_ABOUT_RETURN_TYPE = YES_ERROR;
				GCC_WARN_UNDECLARED_SELECTOR = YES;
				GCC_WARN_UNINITIALIZED_AUTOS = YES_AGGRESSIVE;
				GCC_WARN_UNUSED_FUNCTION = YES;
				GCC_WARN_UNUSED_VARIABLE = YES;
				IPHONEOS_DEPLOYMENT_TARGET = 11.2;
				MTL_ENABLE_DEBUG_INFO = NO;
				SDKROOT = iphoneos;
				SWIFT_OPTIMIZATION_LEVEL = "-Owholemodule";
				VALIDATE_PRODUCT = YES;
			};
			name = Release;
		};
		227517FB205B672300AF9FA7 /* Debug */ = {
			isa = XCBuildConfiguration;
			buildSettings = {
				ASSETCATALOG_COMPILER_APPICON_NAME = AppIcon;
				CODE_SIGN_STYLE = Automatic;
				DEVELOPMENT_TEAM = 264JJK7S42;
				INFOPLIST_FILE = ZJZReader/Info.plist;
				LD_RUNPATH_SEARCH_PATHS = "$(inherited) @executable_path/Frameworks";
				PRODUCT_BUNDLE_IDENTIFIER = com.jianzhuang.ZJZReader;
				PRODUCT_NAME = "$(TARGET_NAME)";
				SWIFT_VERSION = 4.0;
				TARGETED_DEVICE_FAMILY = "1,2";
			};
			name = Debug;
		};
		227517FC205B672300AF9FA7 /* Release */ = {
			isa = XCBuildConfiguration;
			buildSettings = {
				ASSETCATALOG_COMPILER_APPICON_NAME = AppIcon;
				CODE_SIGN_STYLE = Automatic;
				DEVELOPMENT_TEAM = 264JJK7S42;
				INFOPLIST_FILE = ZJZReader/Info.plist;
				LD_RUNPATH_SEARCH_PATHS = "$(inherited) @executable_path/Frameworks";
				PRODUCT_BUNDLE_IDENTIFIER = com.jianzhuang.ZJZReader;
				PRODUCT_NAME = "$(TARGET_NAME)";
				SWIFT_VERSION = 4.0;
				TARGETED_DEVICE_FAMILY = "1,2";
			};
			name = Release;
		};
/* End XCBuildConfiguration section */

/* Begin XCConfigurationList section */
		227517E3205B672300AF9FA7 /* Build configuration list for PBXProject "ZJZReader" */ = {
			isa = XCConfigurationList;
			buildConfigurations = (
				227517F8205B672300AF9FA7 /* Debug */,
				227517F9205B672300AF9FA7 /* Release */,
			);
			defaultConfigurationIsVisible = 0;
			defaultConfigurationName = Release;
		};
		227517FA205B672300AF9FA7 /* Build configuration list for PBXNativeTarget "ZJZReader" */ = {
			isa = XCConfigurationList;
			buildConfigurations = (
				227517FB205B672300AF9FA7 /* Debug */,
				227517FC205B672300AF9FA7 /* Release */,
			);
			defaultConfigurationIsVisible = 0;
			defaultConfigurationName = Release;
		};
/* End XCConfigurationList section */
	};
	rootObject = 227517E0205B672300AF9FA7 /* Project object */;
}
